// !$*UTF8*$!
{
	archiveVersion = 1;
	classes = {
	};
	objectVersion = 46;
	objects = {

/* Begin PBXBuildFile section */
		D2252E3119BC55B800AEA64E /* AGPushNoteView.m in Sources */ = {isa = PBXBuildFile; fileRef = D2252E2F19BC55B800AEA64E /* AGPushNoteView.m */; };
		D2252E3219BC55B800AEA64E /* AGPushNoteView.xib in Resources */ = {isa = PBXBuildFile; fileRef = D2252E3019BC55B800AEA64E /* AGPushNoteView.xib */; };
		D2252E3419BC57A800AEA64E /* Foundation.framework in Frameworks */ = {isa = PBXBuildFile; fileRef = D2252E3319BC57A800AEA64E /* Foundation.framework */; };
		D2252E3619BC57B000AEA64E /* UIKit.framework in Frameworks */ = {isa = PBXBuildFile; fileRef = D2252E3519BC57B000AEA64E /* UIKit.framework */; };
		D2252E3919BC711700AEA64E /* apple.jpg in Resources */ = {isa = PBXBuildFile; fileRef = D2252E3819BC711700AEA64E /* apple.jpg */; };
		D2252E3B19BC730F00AEA64E /* mouse.jpg in Resources */ = {isa = PBXBuildFile; fileRef = D2252E3A19BC730F00AEA64E /* mouse.jpg */; };
		D229E8FD19BC229500330B92 /* main.m in Sources */ = {isa = PBXBuildFile; fileRef = D229E8FC19BC229500330B92 /* main.m */; };
		D229E90019BC229500330B92 /* AppDelegate.m in Sources */ = {isa = PBXBuildFile; fileRef = D229E8FF19BC229500330B92 /* AppDelegate.m */; };
		D229E90319BC229500330B92 /* ViewController.m in Sources */ = {isa = PBXBuildFile; fileRef = D229E90219BC229500330B92 /* ViewController.m */; };
		D229E90619BC229500330B92 /* Main.storyboard in Resources */ = {isa = PBXBuildFile; fileRef = D229E90419BC229500330B92 /* Main.storyboard */; };
		D229E90819BC229500330B92 /* Images.xcassets in Resources */ = {isa = PBXBuildFile; fileRef = D229E90719BC229500330B92 /* Images.xcassets */; };
		D229E91419BC229500330B92 /* ibeacondemoTests.m in Sources */ = {isa = PBXBuildFile; fileRef = D229E91319BC229500330B92 /* ibeacondemoTests.m */; };
		D22F233A19BE782A0059F841 /* micky.mp4 in Resources */ = {isa = PBXBuildFile; fileRef = D22F233919BE782A0059F841 /* micky.mp4 */; };
		D22F233C19BE78360059F841 /* duck.mp4 in Resources */ = {isa = PBXBuildFile; fileRef = D22F233B19BE78360059F841 /* duck.mp4 */; };
		D24724C619BC4DED00E27E87 /* DetailViewController.m in Sources */ = {isa = PBXBuildFile; fileRef = D24724C519BC4DED00E27E87 /* DetailViewController.m */; };
		D24724C819BC4E6B00E27E87 /* CoreLocation.framework in Frameworks */ = {isa = PBXBuildFile; fileRef = D24724C719BC4E6B00E27E87 /* CoreLocation.framework */; };
		D2EEC6EC19BDD371009B377C /* AVFoundation.framework in Frameworks */ = {isa = PBXBuildFile; fileRef = D2EEC6EB19BDD371009B377C /* AVFoundation.framework */; };
/* End PBXBuildFile section */

/* Begin PBXContainerItemProxy section */
		D229E90E19BC229500330B92 /* PBXContainerItemProxy */ = {
			isa = PBXContainerItemProxy;
			containerPortal = D229E8EF19BC229400330B92 /* Project object */;
			proxyType = 1;
			remoteGlobalIDString = D229E8F619BC229500330B92;
			remoteInfo = ibeacondemo;
		};
/* End PBXContainerItemProxy section */

/* Begin PBXFileReference section */
		D2252E2E19BC55B800AEA64E /* AGPushNoteView.h */ = {isa = PBXFileReference; fileEncoding = 4; lastKnownFileType = sourcecode.c.h; name = AGPushNoteView.h; path = AGPushNote/AGPushNote/AGPushNoteView.h; sourceTree = SOURCE_ROOT; };
		D2252E2F19BC55B800AEA64E /* AGPushNoteView.m */ = {isa = PBXFileReference; fileEncoding = 4; lastKnownFileType = sourcecode.c.objc; name = AGPushNoteView.m; path = AGPushNote/AGPushNote/AGPushNoteView.m; sourceTree = SOURCE_ROOT; };
		D2252E3019BC55B800AEA64E /* AGPushNoteView.xib */ = {isa = PBXFileReference; fileEncoding = 4; lastKnownFileType = file.xib; name = AGPushNoteView.xib; path = AGPushNote/AGPushNote/AGPushNoteView.xib; sourceTree = SOURCE_ROOT; };
		D2252E3319BC57A800AEA64E /* Foundation.framework */ = {isa = PBXFileReference; lastKnownFileType = wrapper.framework; name = Foundation.framework; path = System/Library/Frameworks/Foundation.framework; sourceTree = SDKROOT; };
		D2252E3519BC57B000AEA64E /* UIKit.framework */ = {isa = PBXFileReference; lastKnownFileType = wrapper.framework; name = UIKit.framework; path = System/Library/Frameworks/UIKit.framework; sourceTree = SDKROOT; };
		D2252E3819BC711700AEA64E /* apple.jpg */ = {isa = PBXFileReference; lastKnownFileType = image.jpeg; path = apple.jpg; sourceTree = "<group>"; };
		D2252E3A19BC730F00AEA64E /* mouse.jpg */ = {isa = PBXFileReference; lastKnownFileType = image.jpeg; path = mouse.jpg; sourceTree = "<group>"; };
		D229E8F719BC229500330B92 /* ibeacondemo.app */ = {isa = PBXFileReference; explicitFileType = wrapper.application; includeInIndex = 0; path = ibeacondemo.app; sourceTree = BUILT_PRODUCTS_DIR; };
		D229E8FB19BC229500330B92 /* Info.plist */ = {isa = PBXFileReference; lastKnownFileType = text.plist.xml; path = Info.plist; sourceTree = "<group>"; };
		D229E8FC19BC229500330B92 /* main.m */ = {isa = PBXFileReference; lastKnownFileType = sourcecode.c.objc; path = main.m; sourceTree = "<group>"; };
		D229E8FE19BC229500330B92 /* AppDelegate.h */ = {isa = PBXFileReference; lastKnownFileType = sourcecode.c.h; path = AppDelegate.h; sourceTree = "<group>"; };
		D229E8FF19BC229500330B92 /* AppDelegate.m */ = {isa = PBXFileReference; lastKnownFileType = sourcecode.c.objc; path = AppDelegate.m; sourceTree = "<group>"; };
		D229E90119BC229500330B92 /* ViewController.h */ = {isa = PBXFileReference; lastKnownFileType = sourcecode.c.h; path = ViewController.h; sourceTree = "<group>"; };
		D229E90219BC229500330B92 /* ViewController.m */ = {isa = PBXFileReference; lastKnownFileType = sourcecode.c.objc; path = ViewController.m; sourceTree = "<group>"; };
		D229E90519BC229500330B92 /* Base */ = {isa = PBXFileReference; lastKnownFileType = file.storyboard; name = Base; path = Base.lproj/Main.storyboard; sourceTree = "<group>"; };
		D229E90719BC229500330B92 /* Images.xcassets */ = {isa = PBXFileReference; lastKnownFileType = folder.assetcatalog; path = Images.xcassets; sourceTree = "<group>"; };
		D229E90D19BC229500330B92 /* ibeacondemoTests.xctest */ = {isa = PBXFileReference; explicitFileType = wrapper.cfbundle; includeInIndex = 0; path = ibeacondemoTests.xctest; sourceTree = BUILT_PRODUCTS_DIR; };
		D229E91219BC229500330B92 /* Info.plist */ = {isa = PBXFileReference; lastKnownFileType = text.plist.xml; path = Info.plist; sourceTree = "<group>"; };
		D229E91319BC229500330B92 /* ibeacondemoTests.m */ = {isa = PBXFileReference; lastKnownFileType = sourcecode.c.objc; path = ibeacondemoTests.m; sourceTree = "<group>"; };
		D22F233919BE782A0059F841 /* micky.mp4 */ = {isa = PBXFileReference; lastKnownFileType = file; path = micky.mp4; sourceTree = "<group>"; };
		D22F233B19BE78360059F841 /* duck.mp4 */ = {isa = PBXFileReference; lastKnownFileType = file; path = duck.mp4; sourceTree = "<group>"; };
		D24724C419BC4DED00E27E87 /* DetailViewController.h */ = {isa = PBXFileReference; fileEncoding = 4; lastKnownFileType = sourcecode.c.h; path = DetailViewController.h; sourceTree = "<group>"; };
		D24724C519BC4DED00E27E87 /* DetailViewController.m */ = {isa = PBXFileReference; fileEncoding = 4; lastKnownFileType = sourcecode.c.objc; path = DetailViewController.m; sourceTree = "<group>"; };
		D24724C719BC4E6B00E27E87 /* CoreLocation.framework */ = {isa = PBXFileReference; lastKnownFileType = wrapper.framework; name = CoreLocation.framework; path = System/Library/Frameworks/CoreLocation.framework; sourceTree = SDKROOT; };
		D2EEC6EB19BDD371009B377C /* AVFoundation.framework */ = {isa = PBXFileReference; lastKnownFileType = wrapper.framework; name = AVFoundation.framework; path = System/Library/Frameworks/AVFoundation.framework; sourceTree = SDKROOT; };
/* End PBXFileReference section */

/* Begin PBXFrameworksBuildPhase section */
		D229E8F419BC229500330B92 /* Frameworks */ = {
			isa = PBXFrameworksBuildPhase;
			buildActionMask = 2147483647;
			files = (
				D2EEC6EC19BDD371009B377C /* AVFoundation.framework in Frameworks */,
				D2252E3619BC57B000AEA64E /* UIKit.framework in Frameworks */,
				D2252E3419BC57A800AEA64E /* Foundation.framework in Frameworks */,
				D24724C819BC4E6B00E27E87 /* CoreLocation.framework in Frameworks */,
			);
			runOnlyForDeploymentPostprocessing = 0;
		};
		D229E90A19BC229500330B92 /* Frameworks */ = {
			isa = PBXFrameworksBuildPhase;
			buildActionMask = 2147483647;
			files = (
			);
			runOnlyForDeploymentPostprocessing = 0;
		};
/* End PBXFrameworksBuildPhase section */

/* Begin PBXGroup section */
		D2252E2D19BC55AC00AEA64E /* AGPushNote */ = {
			isa = PBXGroup;
			children = (
				D2252E2E19BC55B800AEA64E /* AGPushNoteView.h */,
				D2252E2F19BC55B800AEA64E /* AGPushNoteView.m */,
				D2252E3019BC55B800AEA64E /* AGPushNoteView.xib */,
			);
			name = AGPushNote;
			sourceTree = "<group>";
		};
		D2252E3719BC710800AEA64E /* image */ = {
			isa = PBXGroup;
			children = (
				D2252E3819BC711700AEA64E /* apple.jpg */,
				D2252E3A19BC730F00AEA64E /* mouse.jpg */,
				D22F233B19BE78360059F841 /* duck.mp4 */,
				D22F233919BE782A0059F841 /* micky.mp4 */,
			);
			name = image;
			sourceTree = "<group>";
		};
		D229E8EE19BC229400330B92 = {
			isa = PBXGroup;
			children = (
				D2EEC6EB19BDD371009B377C /* AVFoundation.framework */,
				D2252E3519BC57B000AEA64E /* UIKit.framework */,
				D2252E3319BC57A800AEA64E /* Foundation.framework */,
				D24724C719BC4E6B00E27E87 /* CoreLocation.framework */,
				D229E8F919BC229500330B92 /* ibeacondemo */,
				D229E91019BC229500330B92 /* ibeacondemoTests */,
				D229E8F819BC229500330B92 /* Products */,
			);
			sourceTree = "<group>";
		};
		D229E8F819BC229500330B92 /* Products */ = {
			isa = PBXGroup;
			children = (
				D229E8F719BC229500330B92 /* ibeacondemo.app */,
				D229E90D19BC229500330B92 /* ibeacondemoTests.xctest */,
			);
			name = Products;
			sourceTree = "<group>";
		};
		D229E8F919BC229500330B92 /* ibeacondemo */ = {
			isa = PBXGroup;
			children = (
				D2252E3719BC710800AEA64E /* image */,
				D2252E2D19BC55AC00AEA64E /* AGPushNote */,
				D229E8FE19BC229500330B92 /* AppDelegate.h */,
				D229E8FF19BC229500330B92 /* AppDelegate.m */,
				D229E90119BC229500330B92 /* ViewController.h */,
				D229E90219BC229500330B92 /* ViewController.m */,
				D229E90419BC229500330B92 /* Main.storyboard */,
				D229E90719BC229500330B92 /* Images.xcassets */,
				D229E8FA19BC229500330B92 /* Supporting Files */,
				D24724C419BC4DED00E27E87 /* DetailViewController.h */,
				D24724C519BC4DED00E27E87 /* DetailViewController.m */,
			);
			path = ibeacondemo;
			sourceTree = "<group>";
		};
		D229E8FA19BC229500330B92 /* Supporting Files */ = {
			isa = PBXGroup;
			children = (
				D229E8FB19BC229500330B92 /* Info.plist */,
				D229E8FC19BC229500330B92 /* main.m */,
			);
			name = "Supporting Files";
			sourceTree = "<group>";
		};
		D229E91019BC229500330B92 /* ibeacondemoTests */ = {
			isa = PBXGroup;
			children = (
				D229E91319BC229500330B92 /* ibeacondemoTests.m */,
				D229E91119BC229500330B92 /* Supporting Files */,
			);
			path = ibeacondemoTests;
			sourceTree = "<group>";
		};
		D229E91119BC229500330B92 /* Supporting Files */ = {
			isa = PBXGroup;
			children = (
				D229E91219BC229500330B92 /* Info.plist */,
			);
			name = "Supporting Files";
			sourceTree = "<group>";
		};
/* End PBXGroup section */

/* Begin PBXNativeTarget section */
		D229E8F619BC229500330B92 /* ibeacondemo */ = {
			isa = PBXNativeTarget;
			buildConfigurationList = D229E91719BC229500330B92 /* Build configuration list for PBXNativeTarget "ibeacondemo" */;
			buildPhases = (
				D229E8F319BC229500330B92 /* Sources */,
				D229E8F419BC229500330B92 /* Frameworks */,
				D229E8F519BC229500330B92 /* Resources */,
			);
			buildRules = (
			);
			dependencies = (
			);
			name = ibeacondemo;
			productName = ibeacondemo;
			productReference = D229E8F719BC229500330B92 /* ibeacondemo.app */;
			productType = "com.apple.product-type.application";
		};
		D229E90C19BC229500330B92 /* ibeacondemoTests */ = {
			isa = PBXNativeTarget;
			buildConfigurationList = D229E91A19BC229500330B92 /* Build configuration list for PBXNativeTarget "ibeacondemoTests" */;
			buildPhases = (
				D229E90919BC229500330B92 /* Sources */,
				D229E90A19BC229500330B92 /* Frameworks */,
				D229E90B19BC229500330B92 /* Resources */,
			);
			buildRules = (
			);
			dependencies = (
				D229E90F19BC229500330B92 /* PBXTargetDependency */,
			);
			name = ibeacondemoTests;
			productName = ibeacondemoTests;
			productReference = D229E90D19BC229500330B92 /* ibeacondemoTests.xctest */;
			productType = "com.apple.product-type.bundle.unit-test";
		};
/* End PBXNativeTarget section */

/* Begin PBXProject section */
		D229E8EF19BC229400330B92 /* Project object */ = {
			isa = PBXProject;
			attributes = {
				LastUpgradeCheck = 0600;
				ORGANIZATIONNAME = KawaiTakeshi;
				TargetAttributes = {
					D229E8F619BC229500330B92 = {
						CreatedOnToolsVersion = 6.0;
					};
					D229E90C19BC229500330B92 = {
						CreatedOnToolsVersion = 6.0;
						TestTargetID = D229E8F619BC229500330B92;
					};
				};
			};
			buildConfigurationList = D229E8F219BC229400330B92 /* Build configuration list for PBXProject "ibeacondemo" */;
			compatibilityVersion = "Xcode 3.2";
			developmentRegion = English;
			hasScannedForEncodings = 0;
			knownRegions = (
				en,
				Base,
			);
			mainGroup = D229E8EE19BC229400330B92;
			productRefGroup = D229E8F819BC229500330B92 /* Products */;
			projectDirPath = "";
			projectRoot = "";
			targets = (
				D229E8F619BC229500330B92 /* ibeacondemo */,
				D229E90C19BC229500330B92 /* ibeacondemoTests */,
			);
		};
/* End PBXProject section */

/* Begin PBXResourcesBuildPhase section */
		D229E8F519BC229500330B92 /* Resources */ = {
			isa = PBXResourcesBuildPhase;
			buildActionMask = 2147483647;
			files = (
				D2252E3219BC55B800AEA64E /* AGPushNoteView.xib in Resources */,
				D2252E3B19BC730F00AEA64E /* mouse.jpg in Resources */,
				D229E90619BC229500330B92 /* Main.storyboard in Resources */,
				D22F233A19BE782A0059F841 /* micky.mp4 in Resources */,
				D2252E3919BC711700AEA64E /* apple.jpg in Resources */,
				D22F233C19BE78360059F841 /* duck.mp4 in Resources */,
				D229E90819BC229500330B92 /* Images.xcassets in Resources */,
			);
			runOnlyForDeploymentPostprocessing = 0;
		};
		D229E90B19BC229500330B92 /* Resources */ = {
			isa = PBXResourcesBuildPhase;
			buildActionMask = 2147483647;
			files = (
			);
			runOnlyForDeploymentPostprocessing = 0;
		};
/* End PBXResourcesBuildPhase section */

/* Begin PBXSourcesBuildPhase section */
		D229E8F319BC229500330B92 /* Sources */ = {
			isa = PBXSourcesBuildPhase;
			buildActionMask = 2147483647;
			files = (
				D229E90319BC229500330B92 /* ViewController.m in Sources */,
				D229E90019BC229500330B92 /* AppDelegate.m in Sources */,
				D229E8FD19BC229500330B92 /* main.m in Sources */,
				D24724C619BC4DED00E27E87 /* DetailViewController.m in Sources */,
				D2252E3119BC55B800AEA64E /* AGPushNoteView.m in Sources */,
			);
			runOnlyForDeploymentPostprocessing = 0;
		};
		D229E90919BC229500330B92 /* Sources */ = {
			isa = PBXSourcesBuildPhase;
			buildActionMask = 2147483647;
			files = (
				D229E91419BC229500330B92 /* ibeacondemoTests.m in Sources */,
			);
			runOnlyForDeploymentPostprocessing = 0;
		};
/* End PBXSourcesBuildPhase section */

/* Begin PBXTargetDependency section */
		D229E90F19BC229500330B92 /* PBXTargetDependency */ = {
			isa = PBXTargetDependency;
			target = D229E8F619BC229500330B92 /* ibeacondemo */;
			targetProxy = D229E90E19BC229500330B92 /* PBXContainerItemProxy */;
		};
/* End PBXTargetDependency section */

/* Begin PBXVariantGroup section */
		D229E90419BC229500330B92 /* Main.storyboard */ = {
			isa = PBXVariantGroup;
			children = (
				D229E90519BC229500330B92 /* Base */,
			);
			name = Main.storyboard;
			sourceTree = "<group>";
		};
/* End PBXVariantGroup section */

/* Begin XCBuildConfiguration section */
		D229E91519BC229500330B92 /* Debug */ = {
			isa = XCBuildConfiguration;
			buildSettings = {
				ALWAYS_SEARCH_USER_PATHS = NO;
				CLANG_CXX_LANGUAGE_STANDARD = "gnu++0x";
				CLANG_CXX_LIBRARY = "libc++";
				CLANG_ENABLE_MODULES = YES;
				CLANG_ENABLE_OBJC_ARC = YES;
				CLANG_WARN_BOOL_CONVERSION = YES;
				CLANG_WARN_CONSTANT_CONVERSION = YES;
				CLANG_WARN_DIRECT_OBJC_ISA_USAGE = YES_ERROR;
				CLANG_WARN_EMPTY_BODY = YES;
				CLANG_WARN_ENUM_CONVERSION = YES;
				CLANG_WARN_INT_CONVERSION = YES;
				CLANG_WARN_OBJC_ROOT_CLASS = YES_ERROR;
				CLANG_WARN_UNREACHABLE_CODE = YES;
				CLANG_WARN__DUPLICATE_METHOD_MATCH = YES;
				"CODE_SIGN_IDENTITY[sdk=iphoneos*]" = "iPhone Developer";
				COPY_PHASE_STRIP = NO;
				ENABLE_STRICT_OBJC_MSGSEND = YES;
				GCC_C_LANGUAGE_STANDARD = gnu99;
				GCC_DYNAMIC_NO_PIC = NO;
				GCC_OPTIMIZATION_LEVEL = 0;
				GCC_PREPROCESSOR_DEFINITIONS = (
					"DEBUG=1",
					"$(inherited)",
				);
				GCC_SYMBOLS_PRIVATE_EXTERN = NO;
				GCC_WARN_64_TO_32_BIT_CONVERSION = YES;
				GCC_WARN_ABOUT_RETURN_TYPE = YES_ERROR;
				GCC_WARN_UNDECLARED_SELECTOR = YES;
				GCC_WARN_UNINITIALIZED_AUTOS = YES_AGGRESSIVE;
				GCC_WARN_UNUSED_FUNCTION = YES;
				GCC_WARN_UNUSED_VARIABLE = YES;
				IPHONEOS_DEPLOYMENT_TARGET = 7.0;
				MTL_ENABLE_DEBUG_INFO = YES;
				ONLY_ACTIVE_ARCH = YES;
				SDKROOT = iphoneos;
			};
			name = Debug;
		};
		D229E91619BC229500330B92 /* Release */ = {
			isa = XCBuildConfiguration;
			buildSettings = {
				ALWAYS_SEARCH_USER_PATHS = NO;
				CLANG_CXX_LANGUAGE_STANDARD = "gnu++0x";
				CLANG_CXX_LIBRARY = "libc++";
				CLANG_ENABLE_MODULES = YES;
				CLANG_ENABLE_OBJC_ARC = YES;
				CLANG_WARN_BOOL_CONVERSION = YES;
				CLANG_WARN_CONSTANT_CONVERSION = YES;
				CLANG_WARN_DIRECT_OBJC_ISA_USAGE = YES_ERROR;
				CLANG_WARN_EMPTY_BODY = YES;
				CLANG_WARN_ENUM_CONVERSION = YES;
				CLANG_WARN_INT_CONVERSION = YES;
				CLANG_WARN_OBJC_ROOT_CLASS = YES_ERROR;
				CLANG_WARN_UNREACHABLE_CODE = YES;
				CLANG_WARN__DUPLICATE_METHOD_MATCH = YES;
				"CODE_SIGN_IDENTITY[sdk=iphoneos*]" = "iPhone Developer";
				COPY_PHASE_STRIP = YES;
				ENABLE_NS_ASSERTIONS = NO;
				ENABLE_STRICT_OBJC_MSGSEND = YES;
				GCC_C_LANGUAGE_STANDARD = gnu99;
				GCC_WARN_64_TO_32_BIT_CONVERSION = YES;
				GCC_WARN_ABOUT_RETURN_TYPE = YES_ERROR;
				GCC_WARN_UNDECLARED_SELECTOR = YES;
				GCC_WARN_UNINITIALIZED_AUTOS = YES_AGGRESSIVE;
				GCC_WARN_UNUSED_FUNCTION = YES;
				GCC_WARN_UNUSED_VARIABLE = YES;
				IPHONEOS_DEPLOYMENT_TARGET = 7.0;
				MTL_ENABLE_DEBUG_INFO = NO;
				SDKROOT = iphoneos;
				VALIDATE_PRODUCT = YES;
			};
			name = Release;
		};
		D229E91819BC229500330B92 /* Debug */ = {
			isa = XCBuildConfiguration;
			buildSettings = {
				ASSETCATALOG_COMPILER_APPICON_NAME = AppIcon;
				ASSETCATALOG_COMPILER_LAUNCHIMAGE_NAME = LaunchImage;
				"CODE_SIGN_IDENTITY[sdk=iphoneos*]" = "iPhone Developer: Takeshi Kawai (CZK69PS62Z)";
				INFOPLIST_FILE = ibeacondemo/Info.plist;
				LD_RUNPATH_SEARCH_PATHS = "$(inherited) @executable_path/Frameworks";
				PRODUCT_NAME = "$(TARGET_NAME)";
				PROVISIONING_PROFILE = "eb9f37c0-742b-4a0e-8c40-ae6820b7bbd5";
			};
			name = Debug;
		};
		D229E91919BC229500330B92 /* Release */ = {
			isa = XCBuildConfiguration;
			buildSettings = {
				ASSETCATALOG_COMPILER_APPICON_NAME = AppIcon;
				ASSETCATALOG_COMPILER_LAUNCHIMAGE_NAME = LaunchImage;
				"CODE_SIGN_IDENTITY[sdk=iphoneos*]" = "iPhone Distribution: UXF Inc. (PV7M8C4RSG)";
				INFOPLIST_FILE = ibeacondemo/Info.plist;
				LD_RUNPATH_SEARCH_PATHS = "$(inherited) @executable_path/Frameworks";
				PRODUCT_NAME = "$(TARGET_NAME)";
				PROVISIONING_PROFILE = "3a63125c-2806-44c8-ae58-5854e304c8a4";
			};
			name = Release;
		};
		D229E91B19BC229500330B92 /* Debug */ = {
			isa = XCBuildConfiguration;
			buildSettings = {
				BUNDLE_LOADER = "$(TEST_HOST)";
				FRAMEWORK_SEARCH_PATHS = (
					"$(SDKROOT)/Developer/Library/Frameworks",
					"$(inherited)",
				);
				GCC_PREPROCESSOR_DEFINITIONS = (
					"DEBUG=1",
					"$(inherited)",
				);
				INFOPLIST_FILE = ibeacondemoTests/Info.plist;
				LD_RUNPATH_SEARCH_PATHS = "$(inherited) @executable_path/Frameworks @loader_path/Frameworks";
				PRODUCT_NAME = "$(TARGET_NAME)";
				TEST_HOST = "$(BUILT_PRODUCTS_DIR)/ibeacondemo.app/ibeacondemo";
			};
			name = Debug;
		};
		D229E91C19BC229500330B92 /* Release */ = {
			isa = XCBuildConfiguration;
			buildSettings = {
				BUNDLE_LOADER = "$(TEST_HOST)";
				FRAMEWORK_SEARCH_PATHS = (
					"$(SDKROOT)/Developer/Library/Frameworks",
					"$(inherited)",
				);
				INFOPLIST_FILE = ibeacondemoTests/Info.plist;
				LD_RUNPATH_SEARCH_PATHS = "$(inherited) @executable_path/Frameworks @loader_path/Frameworks";
				PRODUCT_NAME = "$(TARGET_NAME)";
				TEST_HOST = "$(BUILT_PRODUCTS_DIR)/ibeacondemo.app/ibeacondemo";
			};
			name = Release;
		};
/* End XCBuildConfiguration section */

/* Begin XCConfigurationList section */
		D229E8F219BC229400330B92 /* Build configuration list for PBXProject "ibeacondemo" */ = {
			isa = XCConfigurationList;
			buildConfigurations = (
				D229E91519BC229500330B92 /* Debug */,
				D229E91619BC229500330B92 /* Release */,
			);
			defaultConfigurationIsVisible = 0;
			defaultConfigurationName = Release;
		};
		D229E91719BC229500330B92 /* Build configuration list for PBXNativeTarget "ibeacondemo" */ = {
			isa = XCConfigurationList;
			buildConfigurations = (
				D229E91819BC229500330B92 /* Debug */,
				D229E91919BC229500330B92 /* Release */,
			);
			defaultConfigurationIsVisible = 0;
			defaultConfigurationName = Release;
		};
		D229E91A19BC229500330B92 /* Build configuration list for PBXNativeTarget "ibeacondemoTests" */ = {
			isa = XCConfigurationList;
			buildConfigurations = (
				D229E91B19BC229500330B92 /* Debug */,
				D229E91C19BC229500330B92 /* Release */,
			);
			defaultConfigurationIsVisible = 0;
			defaultConfigurationName = Release;
		};
/* End XCConfigurationList section */
	};
	rootObject = D229E8EF19BC229400330B92 /* Project object */;
}
